
Microsoft Visual Studio Solution File, Format Version 12.00
# Visual Studio 15
VisualStudioVersion = 15.0.28307.1800
MinimumVisualStudioVersion = 10.0.40219.1
Project("{8BC9CEB8-8B4A-11D0-8D11-00A0C91BC942}") = "对象和指针", "对象和指针\对象和指针.vcxproj", "{B143E389-7339-4F7E-ACFF-3BFB3C467E28}"
EndProject
Global
	GlobalSection(SolutionConfigurationPlatforms) = preSolution
		Debug|x64 = Debug|x64
		Debug|x86 = Debug|x86
		Release|x64 = Release|x64
		Release|x86 = Release|x86
	EndGlobalSection
	GlobalSection(ProjectConfigurationPlatforms) = postSolution
		{B143E389-7339-4F7E-ACFF-3BFB3C467E28}.Debug|x64.ActiveCfg = Debug|x64
		{B143E389-7339-4F7E-ACFF-3BFB3C467E28}.Debug|x64.Build.0 = Debug|x64
		{B143E389-7339-4F7E-ACFF-3BFB3C467E28}.Debug|x86.ActiveCfg = Debug|Win32
		{B143E389-7339-4F7E-ACFF-3BFB3C467E28}.Debug|x86.Build.0 = Debug|Win32
		{B143E389-7339-4F7E-ACFF-3BFB3C467E28}.Release|x64.ActiveCfg = Release|x64
		{B143E389-7339-4F7E-ACFF-3BFB3C467E28}.Release|x64.Build.0 = Release|x64
		{B143E389-7339-4F7E-ACFF-3BFB3C467E28}.Release|x86.ActiveCfg = Release|Win32
		{B143E389-7339-4F7E-ACFF-3BFB3C467E28}.Release|x86.Build.0 = Release|Win32
	EndGlobalSection
	GlobalSection(SolutionProperties) = preSolution
		HideSolutionNode = FALSE
	EndGlobalSection
	GlobalSection(ExtensibilityGlobals) = postSolution
		SolutionGuid = {E94BB34D-6EA4-4A44-9A39-806C95DA1FA0}
	EndGlobalSection
EndGlobal
